# Frozen snapshot of the working .venv — the ML runtime recall actually runs on.
# Without this file the venv is unreconstructible: pyproject lists only the DIRECT
# deps; every transitive pin lives here.
#   regenerate (after an intentional upgrade):
#     nix develop --command uv pip freeze --python .venv/bin/python > requirements.lock
#   rebuild the venv from it:
#     nix develop --command sh -c 'uv venv && uv pip sync requirements.lock'
# verify.sh diffs the venv against this file, so drift fails the gate.
accelerate==1.14.0
aiohappyeyeballs==2.6.2
aiohttp==3.14.1
aiosignal==1.4.0
alembic==1.18.4
altair==6.2.1
annotated-doc==0.0.4
annotated-types==0.7.0
antlr4-python3-runtime==4.9.3
anyio==4.13.0
asteroid-filterbanks==0.4.0
attrs==26.1.0
blinker==1.9.0
cachetools==7.1.4
certifi==2026.5.20
cffi==2.0.0
charset-normalizer==3.4.7
click==8.4.1
colorlog==6.10.1
contourpy==1.3.3
coverage==7.14.1
cycler==0.12.1
datasets==5.0.0
dill==0.4.1
einops==0.8.2
fastapi==0.136.3
filelock==3.29.4
fonttools==4.63.0
frozenlist==1.8.0
fsspec==2026.4.0
gitdb==4.0.12
gitpython==3.1.50
googleapis-common-protos==1.75.0
grpcio==1.81.1
h11==0.16.0
hf-xet==1.5.1
httpcore==1.0.9
httptools==0.8.0
httpx==0.28.1
huggingface-hub==1.19.0
hydra-colorlog==0.1.4
hydra-core==0.11.3
idna==3.18
iniconfig==2.3.0
itsdangerous==2.2.0
jinja2==3.1.6
joblib==1.5.3
jsonschema==4.26.0
jsonschema-specifications==2025.9.1
julius==0.2.8
kiwisolver==1.5.0
libcst==1.8.6
lightning==2.6.5
lightning-utilities==0.15.3
linkify-it-py==2.1.0
llvmlite==0.47.0
mako==1.3.12
markdown-it-py==4.2.0
markupsafe==3.0.3
matplotlib==3.11.0
mdit-py-plugins==0.6.1
mdurl==0.1.2
mlx==0.31.2
mlx-lm==0.31.3
mlx-metal==0.31.2
mlx-whisper==0.4.3
more-itertools==11.1.0
mpmath==1.3.0
multidict==6.7.1
multiprocess==0.70.19
mutmut==3.6.0
narwhals==2.22.1
networkx==3.6.1
numba==0.65.1
numpy==2.4.6
omegaconf==2.3.1
opentelemetry-api==1.42.1
opentelemetry-exporter-otlp==1.42.1
opentelemetry-exporter-otlp-proto-common==1.42.1
opentelemetry-exporter-otlp-proto-grpc==1.42.1
opentelemetry-exporter-otlp-proto-http==1.42.1
opentelemetry-proto==1.42.1
opentelemetry-sdk==1.42.1
opentelemetry-semantic-conventions==0.63b1
optuna==4.9.0
packaging==26.2
pandas==3.0.3
peft==0.19.1
pillow==12.2.0
platformdirs==4.10.0
pluggy==1.6.0
primepy==1.3
propcache==0.5.2
protobuf==6.33.6
psutil==7.2.2
pyannote-audio==4.0.4
pyannote-core==6.0.1
pyannote-database==6.1.1
pyannote-metrics==4.1
pyannote-pipeline==4.0.0
pyannoteai-sdk==0.4.0
pyarrow==24.0.0
pycparser==3.0
pydantic==2.13.4
pydantic-core==2.46.4
pydeck==0.9.2
pygments==2.20.0
pyparsing==3.3.2
pystoi==0.4.1
pytest==9.1.0
python-dateutil==2.9.0.post0
python-multipart==0.0.32
pytorch-lightning==2.6.5
pytorch-metric-learning==2.9.0
pyyaml==6.0.3
referencing==0.37.0
regex==2026.5.9
requests==2.34.2
rich==15.0.0
rpds-py==2026.5.1
safetensors==0.8.0
scikit-learn==1.9.0
scipy==1.17.1
sentencepiece==0.2.1
setproctitle==1.3.7
setuptools==81.0.0
shellingham==1.5.4
silero-vad==6.2.1
six==1.17.0
smmap==5.0.3
sortedcontainers==2.4.0
sounddevice==0.5.5
sqlalchemy==2.0.50
starlette==1.3.1
streamlit==1.58.0
sympy==1.14.0
tenacity==9.1.4
textual==8.2.7
threadpoolctl==3.6.0
tiktoken==0.13.0
tokenizers==0.22.2
toml==0.10.2
torch==2.12.0
torch-audiomentations==0.12.0
torch-pitch-shift==1.2.5
torchaudio==2.11.0
torchcodec==0.14.0
torchmetrics==1.9.0
tqdm==4.68.2
transformers==5.12.0
typer==0.25.1
typing-extensions==4.15.0
typing-inspection==0.4.2
uc-micro-py==2.0.0
urllib3==2.7.0
uvicorn==0.49.0
websockets==16.0
xxhash==3.7.0
yarl==1.24.2
